
Microsoft Visual Studio Solution File, Format Version 12.00
# Visual Studio Version 17
VisualStudioVersion = 17.4.33122.133
MinimumVisualStudioVersion = 10.0.40219.1
Project("{2150E333-8FDC-42A3-9474-1A3956D46DE8}") = "Solution Items", "Solution Items", "{83EEBD4F-D943-4FBC-9F37-40641C6D8D4F}"
	ProjectSection(SolutionItems) = preProject
		.dockerignore = .dockerignore
		.editorconfig = .editorconfig
		.gitattributes = .gitattributes
		.gitignore = .gitignore
		Directory.Build.props = Directory.Build.props
		Directory.Build.targets = Directory.Build.targets
		LICENSE.md = LICENSE.md
		README-RUS.md = README-RUS.md
		README.md = README.md
	EndProjectSection
EndProject
Project("{2150E333-8FDC-42A3-9474-1A3956D46DE8}") = "Core", "Core", "{BC2545B1-7D32-4DBC-BA36-C49AF2536B82}"
EndProject
Project("{2150E333-8FDC-42A3-9474-1A3956D46DE8}") = "Tests", "Tests", "{53975472-4A48-4B67-8AF5-029EF31DEA39}"
EndProject
Project("{2150E333-8FDC-42A3-9474-1A3956D46DE8}") = "Presentation", "Presentation", "{3F563803-8BCB-4477-89CF-91167A8F887C}"
EndProject
Project("{9A19103F-16F7-4668-BE54-9A1E7A4F7556}") = "TgStorage", "Core\TgStorage\TgStorage.csproj", "{3F5FE133-3178-468E-9017-EC97874A3DA6}"
EndProject
Project("{9A19103F-16F7-4668-BE54-9A1E7A4F7556}") = "TgAssertCoreTests", "Tests\TgAssertCoreTests\TgAssertCoreTests.csproj", "{66FF43B1-B16B-48FA-B371-C2D0787D36C2}"
EndProject
Project("{9A19103F-16F7-4668-BE54-9A1E7A4F7556}") = "OpenTgResearcherConsoleTest", "Tests\OpenTgResearcherConsoleTest\OpenTgResearcherConsoleTest.csproj", "{AF806805-F79B-4BA0-8E26-EE03B54DE63C}"
EndProject
Project("{9A19103F-16F7-4668-BE54-9A1E7A4F7556}") = "TgDownloaderTest", "Tests\TgDownloaderTest\TgDownloaderTest.csproj", "{1758339F-22AB-4EA2-B577-4662A8663FB5}"
EndProject
Project("{9A19103F-16F7-4668-BE54-9A1E7A4F7556}") = "TgStorageTest", "Tests\TgStorageTest\TgStorageTest.csproj", "{17CE2A7E-AE56-43E8-AB4B-6504B3484167}"
EndProject
Project("{9A19103F-16F7-4668-BE54-9A1E7A4F7556}") = "OpenTgResearcherConsole", "Presentation\OpenTgResearcherConsole\OpenTgResearcherConsole.csproj", "{5A12C18B-8DA6-4D47-93D3-9D1AA49BEF62}"
EndProject
Project("{9A19103F-16F7-4668-BE54-9A1E7A4F7556}") = "TgInfrastructure", "Core\TgInfrastructure\TgInfrastructure.csproj", "{FC689594-30C9-45D2-B8DB-7079E752984B}"
EndProject
Project("{2150E333-8FDC-42A3-9474-1A3956D46DE8}") = "Docs", "Docs", "{49FCA776-C63B-4C0C-B2B2-E9CA0E5949ED}"
	ProjectSection(SolutionItems) = preProject
		Docs\BUY-LICENSE-RUS.md = Docs\BUY-LICENSE-RUS.md
		Docs\BUY-LICENSE.md = Docs\BUY-LICENSE.md
		Docs\CHANGELOG-RUS.md = Docs\CHANGELOG-RUS.md
		Docs\CHANGELOG.md = Docs\CHANGELOG.md
		Docs\GUIDE-SETUP-CONSOLE-RUS.md = Docs\GUIDE-SETUP-CONSOLE-RUS.md
		Docs\GUIDE-SETUP-CONSOLE.md = Docs\GUIDE-SETUP-CONSOLE.md
		Docs\GUIDE-SETUP-DESKTOP-RUS.md = Docs\GUIDE-SETUP-DESKTOP-RUS.md
		Docs\GUIDE-SETUP-DESKTOP.md = Docs\GUIDE-SETUP-DESKTOP.md
		Docs\GUIDE-SETUP-DOCKER-RUS.md = Docs\GUIDE-SETUP-DOCKER-RUS.md
		Docs\GUIDE-SETUP-DOCKER.md = Docs\GUIDE-SETUP-DOCKER.md
		Docs\GUIDE-SETUP-FILTERS-RUS.md = Docs\GUIDE-SETUP-FILTERS-RUS.md
		Docs\GUIDE-SETUP-FILTERS.md = Docs\GUIDE-SETUP-FILTERS.md
		Docs\GUIDE-SETUP-GROUPS-RUS.md = Docs\GUIDE-SETUP-GROUPS-RUS.md
		Docs\GUIDE-SETUP-GROUPS.md = Docs\GUIDE-SETUP-GROUPS.md
		Docs\GUIDES-RUS.md = Docs\GUIDES-RUS.md
		Docs\GUIDES.md = Docs\GUIDES.md
		Docs\ISSUE-RUS.md = Docs\ISSUE-RUS.md
		Docs\ISSUE.md = Docs\ISSUE.md
		LICENSE.md = LICENSE.md
		Docs\RELEASES.md = Docs\RELEASES.md
		Docs\SCREENSHOTS.md = Docs\SCREENSHOTS.md
	EndProjectSection
EndProject
Project("{2150E333-8FDC-42A3-9474-1A3956D46DE8}") = ".github", ".github", "{CBC604E8-02F7-46EF-A530-B4FDAF7EF0E6}"
EndProject
Project("{2150E333-8FDC-42A3-9474-1A3956D46DE8}") = "workflows", "workflows", "{7EEAAFF3-9F51-477B-B6C5-1019737A779A}"
	ProjectSection(SolutionItems) = preProject
		.github\workflows\action_build_windows.yml = .github\workflows\action_build_windows.yml
		.github\workflows\action_preview_create.yml = .github\workflows\action_preview_create.yml
	EndProjectSection
EndProject
Project("{9A19103F-16F7-4668-BE54-9A1E7A4F7556}") = "OpenTgResearcherDesktop", "Presentation\OpenTgResearcherDesktop\OpenTgResearcherDesktop.csproj", "{FB756D71-7AA6-4BAB-93BD-28B30B0EF1FF}"
EndProject
Project("{9A19103F-16F7-4668-BE54-9A1E7A4F7556}") = "OpenTgResearcherDesktop.Core", "Core\OpenTgResearcherDesktop.Core\OpenTgResearcherDesktop.Core.csproj", "{F6A1AA94-9746-4F2A-9B1D-7A70F3F12E1F}"
EndProject
Project("{9A19103F-16F7-4668-BE54-9A1E7A4F7556}") = "OpenTgResearcherDesktop.Tests", "Tests\OpenTgResearcherDesktop.Tests.MSTest\OpenTgResearcherDesktop.Tests.csproj", "{C9E5D51A-D0BA-4171-A2CB-50140A3A8D86}"
EndProject
Project("{FAE04EC0-301F-11D3-BF4B-00C04F79EFBC}") = "TgBusinessLogic", "Core\TgBusinessLogic\TgBusinessLogic.csproj", "{BC89CBA1-E87C-4256-90C1-7C472DA48361}"
EndProject
Project("{FAE04EC0-301F-11D3-BF4B-00C04F79EFBC}") = "TgInfrastructureTest", "Tests\TgInfrastructureTest\TgInfrastructureTest.csproj", "{5CE42557-44CE-4318-B5C3-9202F432C9EC}"
EndProject
Project("{2150E333-8FDC-42A3-9474-1A3956D46DE8}") = "Assets", "Assets", "{02EA681E-C7D8-13C7-8484-4AC65E1B71E8}"
	ProjectSection(SolutionItems) = preProject
		Docs\Assets\Icon.ico = Docs\Assets\Icon.ico
	EndProjectSection
EndProject
Global
	GlobalSection(SolutionConfigurationPlatforms) = preSolution
		Debug|Any CPU = Debug|Any CPU
		Debug|x64 = Debug|x64
		Debug|x86 = Debug|x86
		Release|Any CPU = Release|Any CPU
		Release|x64 = Release|x64
		Release|x86 = Release|x86
	EndGlobalSection
	GlobalSection(ProjectConfigurationPlatforms) = postSolution
		{3F5FE133-3178-468E-9017-EC97874A3DA6}.Debug|Any CPU.ActiveCfg = Debug|Any CPU
		{3F5FE133-3178-468E-9017-EC97874A3DA6}.Debug|Any CPU.Build.0 = Debug|Any CPU
		{3F5FE133-3178-468E-9017-EC97874A3DA6}.Debug|x64.ActiveCfg = Debug|x64
		{3F5FE133-3178-468E-9017-EC97874A3DA6}.Debug|x64.Build.0 = Debug|x64
		{3F5FE133-3178-468E-9017-EC97874A3DA6}.Debug|x86.ActiveCfg = Debug|x86
		{3F5FE133-3178-468E-9017-EC97874A3DA6}.Debug|x86.Build.0 = Debug|x86
		{3F5FE133-3178-468E-9017-EC97874A3DA6}.Release|Any CPU.ActiveCfg = Release|Any CPU
		{3F5FE133-3178-468E-9017-EC97874A3DA6}.Release|Any CPU.Build.0 = Release|Any CPU
		{3F5FE133-3178-468E-9017-EC97874A3DA6}.Release|x64.ActiveCfg = Release|x64
		{3F5FE133-3178-468E-9017-EC97874A3DA6}.Release|x64.Build.0 = Release|x64
		{3F5FE133-3178-468E-9017-EC97874A3DA6}.Release|x86.ActiveCfg = Release|x86
		{3F5FE133-3178-468E-9017-EC97874A3DA6}.Release|x86.Build.0 = Release|x86
		{66FF43B1-B16B-48FA-B371-C2D0787D36C2}.Debug|Any CPU.ActiveCfg = Debug|Any CPU
		{66FF43B1-B16B-48FA-B371-C2D0787D36C2}.Debug|Any CPU.Build.0 = Debug|Any CPU
		{66FF43B1-B16B-48FA-B371-C2D0787D36C2}.Debug|x64.ActiveCfg = Debug|x64
		{66FF43B1-B16B-48FA-B371-C2D0787D36C2}.Debug|x64.Build.0 = Debug|x64
		{66FF43B1-B16B-48FA-B371-C2D0787D36C2}.Debug|x86.ActiveCfg = Debug|x86
		{66FF43B1-B16B-48FA-B371-C2D0787D36C2}.Debug|x86.Build.0 = Debug|x86
		{66FF43B1-B16B-48FA-B371-C2D0787D36C2}.Release|Any CPU.ActiveCfg = Release|Any CPU
		{66FF43B1-B16B-48FA-B371-C2D0787D36C2}.Release|Any CPU.Build.0 = Release|Any CPU
		{66FF43B1-B16B-48FA-B371-C2D0787D36C2}.Release|x64.ActiveCfg = Release|x64
		{66FF43B1-B16B-48FA-B371-C2D0787D36C2}.Release|x64.Build.0 = Release|x64
		{66FF43B1-B16B-48FA-B371-C2D0787D36C2}.Release|x86.ActiveCfg = Release|x86
		{66FF43B1-B16B-48FA-B371-C2D0787D36C2}.Release|x86.Build.0 = Release|x86
		{AF806805-F79B-4BA0-8E26-EE03B54DE63C}.Debug|Any CPU.ActiveCfg = Debug|Any CPU
		{AF806805-F79B-4BA0-8E26-EE03B54DE63C}.Debug|Any CPU.Build.0 = Debug|Any CPU
		{AF806805-F79B-4BA0-8E26-EE03B54DE63C}.Debug|x64.ActiveCfg = Debug|x64
		{AF806805-F79B-4BA0-8E26-EE03B54DE63C}.Debug|x64.Build.0 = Debug|x64
		{AF806805-F79B-4BA0-8E26-EE03B54DE63C}.Debug|x86.ActiveCfg = Debug|x86
		{AF806805-F79B-4BA0-8E26-EE03B54DE63C}.Debug|x86.Build.0 = Debug|x86
		{AF806805-F79B-4BA0-8E26-EE03B54DE63C}.Release|Any CPU.ActiveCfg = Release|Any CPU
		{AF806805-F79B-4BA0-8E26-EE03B54DE63C}.Release|Any CPU.Build.0 = Release|Any CPU
		{AF806805-F79B-4BA0-8E26-EE03B54DE63C}.Release|x64.ActiveCfg = Release|x64
		{AF806805-F79B-4BA0-8E26-EE03B54DE63C}.Release|x64.Build.0 = Release|x64
		{AF806805-F79B-4BA0-8E26-EE03B54DE63C}.Release|x86.ActiveCfg = Release|x86
		{AF806805-F79B-4BA0-8E26-EE03B54DE63C}.Release|x86.Build.0 = Release|x86
		{1758339F-22AB-4EA2-B577-4662A8663FB5}.Debug|Any CPU.ActiveCfg = Debug|Any CPU
		{1758339F-22AB-4EA2-B577-4662A8663FB5}.Debug|Any CPU.Build.0 = Debug|Any CPU
		{1758339F-22AB-4EA2-B577-4662A8663FB5}.Debug|x64.ActiveCfg = Debug|x64
		{1758339F-22AB-4EA2-B577-4662A8663FB5}.Debug|x64.Build.0 = Debug|x64
		{1758339F-22AB-4EA2-B577-4662A8663FB5}.Debug|x86.ActiveCfg = Debug|x86
		{1758339F-22AB-4EA2-B577-4662A8663FB5}.Debug|x86.Build.0 = Debug|x86
		{1758339F-22AB-4EA2-B577-4662A8663FB5}.Release|Any CPU.ActiveCfg = Release|Any CPU
		{1758339F-22AB-4EA2-B577-4662A8663FB5}.Release|Any CPU.Build.0 = Release|Any CPU
		{1758339F-22AB-4EA2-B577-4662A8663FB5}.Release|x64.ActiveCfg = Release|x64
		{1758339F-22AB-4EA2-B577-4662A8663FB5}.Release|x64.Build.0 = Release|x64
		{1758339F-22AB-4EA2-B577-4662A8663FB5}.Release|x86.ActiveCfg = Release|x86
		{1758339F-22AB-4EA2-B577-4662A8663FB5}.Release|x86.Build.0 = Release|x86
		{17CE2A7E-AE56-43E8-AB4B-6504B3484167}.Debug|Any CPU.ActiveCfg = Debug|Any CPU
		{17CE2A7E-AE56-43E8-AB4B-6504B3484167}.Debug|Any CPU.Build.0 = Debug|Any CPU
		{17CE2A7E-AE56-43E8-AB4B-6504B3484167}.Debug|x64.ActiveCfg = Debug|x64
		{17CE2A7E-AE56-43E8-AB4B-6504B3484167}.Debug|x64.Build.0 = Debug|x64
		{17CE2A7E-AE56-43E8-AB4B-6504B3484167}.Debug|x86.ActiveCfg = Debug|x86
		{17CE2A7E-AE56-43E8-AB4B-6504B3484167}.Debug|x86.Build.0 = Debug|x86
		{17CE2A7E-AE56-43E8-AB4B-6504B3484167}.Release|Any CPU.ActiveCfg = Release|Any CPU
		{17CE2A7E-AE56-43E8-AB4B-6504B3484167}.Release|Any CPU.Build.0 = Release|Any CPU
		{17CE2A7E-AE56-43E8-AB4B-6504B3484167}.Release|x64.ActiveCfg = Release|x64
		{17CE2A7E-AE56-43E8-AB4B-6504B3484167}.Release|x64.Build.0 = Release|x64
		{17CE2A7E-AE56-43E8-AB4B-6504B3484167}.Release|x86.ActiveCfg = Release|x86
		{17CE2A7E-AE56-43E8-AB4B-6504B3484167}.Release|x86.Build.0 = Release|x86
		{5A12C18B-8DA6-4D47-93D3-9D1AA49BEF62}.Debug|Any CPU.ActiveCfg = Debug|Any CPU
		{5A12C18B-8DA6-4D47-93D3-9D1AA49BEF62}.Debug|Any CPU.Build.0 = Debug|Any CPU
		{5A12C18B-8DA6-4D47-93D3-9D1AA49BEF62}.Debug|x64.ActiveCfg = Debug|x64
		{5A12C18B-8DA6-4D47-93D3-9D1AA49BEF62}.Debug|x64.Build.0 = Debug|x64
		{5A12C18B-8DA6-4D47-93D3-9D1AA49BEF62}.Debug|x86.ActiveCfg = Debug|x86
		{5A12C18B-8DA6-4D47-93D3-9D1AA49BEF62}.Debug|x86.Build.0 = Debug|x86
		{5A12C18B-8DA6-4D47-93D3-9D1AA49BEF62}.Release|Any CPU.ActiveCfg = Release|Any CPU
		{5A12C18B-8DA6-4D47-93D3-9D1AA49BEF62}.Release|Any CPU.Build.0 = Release|Any CPU
		{5A12C18B-8DA6-4D47-93D3-9D1AA49BEF62}.Release|x64.ActiveCfg = Release|x64
		{5A12C18B-8DA6-4D47-93D3-9D1AA49BEF62}.Release|x64.Build.0 = Release|x64
		{5A12C18B-8DA6-4D47-93D3-9D1AA49BEF62}.Release|x86.ActiveCfg = Release|x86
		{5A12C18B-8DA6-4D47-93D3-9D1AA49BEF62}.Release|x86.Build.0 = Release|x86
		{FC689594-30C9-45D2-B8DB-7079E752984B}.Debug|Any CPU.ActiveCfg = Debug|Any CPU
		{FC689594-30C9-45D2-B8DB-7079E752984B}.Debug|Any CPU.Build.0 = Debug|Any CPU
		{FC689594-30C9-45D2-B8DB-7079E752984B}.Debug|x64.ActiveCfg = Debug|x64
		{FC689594-30C9-45D2-B8DB-7079E752984B}.Debug|x64.Build.0 = Debug|x64
		{FC689594-30C9-45D2-B8DB-7079E752984B}.Debug|x86.ActiveCfg = Debug|x86
		{FC689594-30C9-45D2-B8DB-7079E752984B}.Debug|x86.Build.0 = Debug|x86
		{FC689594-30C9-45D2-B8DB-7079E752984B}.Release|Any CPU.ActiveCfg = Release|Any CPU
		{FC689594-30C9-45D2-B8DB-7079E752984B}.Release|Any CPU.Build.0 = Release|Any CPU
		{FC689594-30C9-45D2-B8DB-7079E752984B}.Release|x64.ActiveCfg = Release|x64
		{FC689594-30C9-45D2-B8DB-7079E752984B}.Release|x64.Build.0 = Release|x64
		{FC689594-30C9-45D2-B8DB-7079E752984B}.Release|x86.ActiveCfg = Release|x86
		{FC689594-30C9-45D2-B8DB-7079E752984B}.Release|x86.Build.0 = Release|x86
		{FB756D71-7AA6-4BAB-93BD-28B30B0EF1FF}.Debug|Any CPU.ActiveCfg = Debug|Any CPU
		{FB756D71-7AA6-4BAB-93BD-28B30B0EF1FF}.Debug|Any CPU.Build.0 = Debug|Any CPU
		{FB756D71-7AA6-4BAB-93BD-28B30B0EF1FF}.Debug|Any CPU.Deploy.0 = Debug|Any CPU
		{FB756D71-7AA6-4BAB-93BD-28B30B0EF1FF}.Debug|x64.ActiveCfg = Debug|x64
		{FB756D71-7AA6-4BAB-93BD-28B30B0EF1FF}.Debug|x64.Build.0 = Debug|x64
		{FB756D71-7AA6-4BAB-93BD-28B30B0EF1FF}.Debug|x64.Deploy.0 = Debug|x64
		{FB756D71-7AA6-4BAB-93BD-28B30B0EF1FF}.Debug|x86.ActiveCfg = Debug|x86
		{FB756D71-7AA6-4BAB-93BD-28B30B0EF1FF}.Debug|x86.Build.0 = Debug|x86
		{FB756D71-7AA6-4BAB-93BD-28B30B0EF1FF}.Debug|x86.Deploy.0 = Debug|x86
		{FB756D71-7AA6-4BAB-93BD-28B30B0EF1FF}.Release|Any CPU.ActiveCfg = Release|Any CPU
		{FB756D71-7AA6-4BAB-93BD-28B30B0EF1FF}.Release|Any CPU.Build.0 = Release|Any CPU
		{FB756D71-7AA6-4BAB-93BD-28B30B0EF1FF}.Release|Any CPU.Deploy.0 = Release|Any CPU
		{FB756D71-7AA6-4BAB-93BD-28B30B0EF1FF}.Release|x64.ActiveCfg = Release|x64
		{FB756D71-7AA6-4BAB-93BD-28B30B0EF1FF}.Release|x64.Build.0 = Release|x64
		{FB756D71-7AA6-4BAB-93BD-28B30B0EF1FF}.Release|x64.Deploy.0 = Release|x64
		{FB756D71-7AA6-4BAB-93BD-28B30B0EF1FF}.Release|x86.ActiveCfg = Release|x86
		{FB756D71-7AA6-4BAB-93BD-28B30B0EF1FF}.Release|x86.Build.0 = Release|x86
		{FB756D71-7AA6-4BAB-93BD-28B30B0EF1FF}.Release|x86.Deploy.0 = Release|x86
		{F6A1AA94-9746-4F2A-9B1D-7A70F3F12E1F}.Debug|Any CPU.ActiveCfg = Debug|Any CPU
		{F6A1AA94-9746-4F2A-9B1D-7A70F3F12E1F}.Debug|Any CPU.Build.0 = Debug|Any CPU
		{F6A1AA94-9746-4F2A-9B1D-7A70F3F12E1F}.Debug|x64.ActiveCfg = Debug|x64
		{F6A1AA94-9746-4F2A-9B1D-7A70F3F12E1F}.Debug|x64.Build.0 = Debug|x64
		{F6A1AA94-9746-4F2A-9B1D-7A70F3F12E1F}.Debug|x86.ActiveCfg = Debug|x86
		{F6A1AA94-9746-4F2A-9B1D-7A70F3F12E1F}.Debug|x86.Build.0 = Debug|x86
		{F6A1AA94-9746-4F2A-9B1D-7A70F3F12E1F}.Release|Any CPU.ActiveCfg = Release|Any CPU
		{F6A1AA94-9746-4F2A-9B1D-7A70F3F12E1F}.Release|Any CPU.Build.0 = Release|Any CPU
		{F6A1AA94-9746-4F2A-9B1D-7A70F3F12E1F}.Release|x64.ActiveCfg = Release|x64
		{F6A1AA94-9746-4F2A-9B1D-7A70F3F12E1F}.Release|x64.Build.0 = Release|x64
		{F6A1AA94-9746-4F2A-9B1D-7A70F3F12E1F}.Release|x86.ActiveCfg = Release|x86
		{F6A1AA94-9746-4F2A-9B1D-7A70F3F12E1F}.Release|x86.Build.0 = Release|x86
		{C9E5D51A-D0BA-4171-A2CB-50140A3A8D86}.Debug|Any CPU.ActiveCfg = Debug|Any CPU
		{C9E5D51A-D0BA-4171-A2CB-50140A3A8D86}.Debug|Any CPU.Build.0 = Debug|Any CPU
		{C9E5D51A-D0BA-4171-A2CB-50140A3A8D86}.Debug|x64.ActiveCfg = Debug|x64
		{C9E5D51A-D0BA-4171-A2CB-50140A3A8D86}.Debug|x64.Build.0 = Debug|x64
		{C9E5D51A-D0BA-4171-A2CB-50140A3A8D86}.Debug|x86.ActiveCfg = Debug|x86
		{C9E5D51A-D0BA-4171-A2CB-50140A3A8D86}.Debug|x86.Build.0 = Debug|x86
		{C9E5D51A-D0BA-4171-A2CB-50140A3A8D86}.Release|Any CPU.ActiveCfg = Release|Any CPU
		{C9E5D51A-D0BA-4171-A2CB-50140A3A8D86}.Release|Any CPU.Build.0 = Release|Any CPU
		{C9E5D51A-D0BA-4171-A2CB-50140A3A8D86}.Release|x64.ActiveCfg = Release|x64
		{C9E5D51A-D0BA-4171-A2CB-50140A3A8D86}.Release|x64.Build.0 = Release|x64
		{C9E5D51A-D0BA-4171-A2CB-50140A3A8D86}.Release|x86.ActiveCfg = Release|x86
		{C9E5D51A-D0BA-4171-A2CB-50140A3A8D86}.Release|x86.Build.0 = Release|x86
		{BC89CBA1-E87C-4256-90C1-7C472DA48361}.Debug|Any CPU.ActiveCfg = Debug|Any CPU
		{BC89CBA1-E87C-4256-90C1-7C472DA48361}.Debug|Any CPU.Build.0 = Debug|Any CPU
		{BC89CBA1-E87C-4256-90C1-7C472DA48361}.Debug|x64.ActiveCfg = Debug|x64
		{BC89CBA1-E87C-4256-90C1-7C472DA48361}.Debug|x64.Build.0 = Debug|x64
		{BC89CBA1-E87C-4256-90C1-7C472DA48361}.Debug|x86.ActiveCfg = Debug|x86
		{BC89CBA1-E87C-4256-90C1-7C472DA48361}.Debug|x86.Build.0 = Debug|x86
		{BC89CBA1-E87C-4256-90C1-7C472DA48361}.Release|Any CPU.ActiveCfg = Release|Any CPU
		{BC89CBA1-E87C-4256-90C1-7C472DA48361}.Release|Any CPU.Build.0 = Release|Any CPU
		{BC89CBA1-E87C-4256-90C1-7C472DA48361}.Release|x64.ActiveCfg = Release|x64
		{BC89CBA1-E87C-4256-90C1-7C472DA48361}.Release|x64.Build.0 = Release|x64
		{BC89CBA1-E87C-4256-90C1-7C472DA48361}.Release|x86.ActiveCfg = Release|x86
		{BC89CBA1-E87C-4256-90C1-7C472DA48361}.Release|x86.Build.0 = Release|x86
		{5CE42557-44CE-4318-B5C3-9202F432C9EC}.Debug|Any CPU.ActiveCfg = Debug|Any CPU
		{5CE42557-44CE-4318-B5C3-9202F432C9EC}.Debug|Any CPU.Build.0 = Debug|Any CPU
		{5CE42557-44CE-4318-B5C3-9202F432C9EC}.Debug|x64.ActiveCfg = Debug|x64
		{5CE42557-44CE-4318-B5C3-9202F432C9EC}.Debug|x64.Build.0 = Debug|x64
		{5CE42557-44CE-4318-B5C3-9202F432C9EC}.Debug|x86.ActiveCfg = Debug|x86
		{5CE42557-44CE-4318-B5C3-9202F432C9EC}.Debug|x86.Build.0 = Debug|x86
		{5CE42557-44CE-4318-B5C3-9202F432C9EC}.Release|Any CPU.ActiveCfg = Release|Any CPU
		{5CE42557-44CE-4318-B5C3-9202F432C9EC}.Release|Any CPU.Build.0 = Release|Any CPU
		{5CE42557-44CE-4318-B5C3-9202F432C9EC}.Release|x64.ActiveCfg = Release|x64
		{5CE42557-44CE-4318-B5C3-9202F432C9EC}.Release|x64.Build.0 = Release|x64
		{5CE42557-44CE-4318-B5C3-9202F432C9EC}.Release|x86.ActiveCfg = Release|x86
		{5CE42557-44CE-4318-B5C3-9202F432C9EC}.Release|x86.Build.0 = Release|x86
	EndGlobalSection
	GlobalSection(SolutionProperties) = preSolution
		HideSolutionNode = FALSE
	EndGlobalSection
	GlobalSection(NestedProjects) = preSolution
		{3F5FE133-3178-468E-9017-EC97874A3DA6} = {BC2545B1-7D32-4DBC-BA36-C49AF2536B82}
		{66FF43B1-B16B-48FA-B371-C2D0787D36C2} = {53975472-4A48-4B67-8AF5-029EF31DEA39}
		{AF806805-F79B-4BA0-8E26-EE03B54DE63C} = {53975472-4A48-4B67-8AF5-029EF31DEA39}
		{1758339F-22AB-4EA2-B577-4662A8663FB5} = {53975472-4A48-4B67-8AF5-029EF31DEA39}
		{17CE2A7E-AE56-43E8-AB4B-6504B3484167} = {53975472-4A48-4B67-8AF5-029EF31DEA39}
		{5A12C18B-8DA6-4D47-93D3-9D1AA49BEF62} = {3F563803-8BCB-4477-89CF-91167A8F887C}
		{FC689594-30C9-45D2-B8DB-7079E752984B} = {BC2545B1-7D32-4DBC-BA36-C49AF2536B82}
		{7EEAAFF3-9F51-477B-B6C5-1019737A779A} = {CBC604E8-02F7-46EF-A530-B4FDAF7EF0E6}
		{FB756D71-7AA6-4BAB-93BD-28B30B0EF1FF} = {3F563803-8BCB-4477-89CF-91167A8F887C}
		{F6A1AA94-9746-4F2A-9B1D-7A70F3F12E1F} = {BC2545B1-7D32-4DBC-BA36-C49AF2536B82}
		{C9E5D51A-D0BA-4171-A2CB-50140A3A8D86} = {53975472-4A48-4B67-8AF5-029EF31DEA39}
		{BC89CBA1-E87C-4256-90C1-7C472DA48361} = {BC2545B1-7D32-4DBC-BA36-C49AF2536B82}
		{5CE42557-44CE-4318-B5C3-9202F432C9EC} = {53975472-4A48-4B67-8AF5-029EF31DEA39}
		{02EA681E-C7D8-13C7-8484-4AC65E1B71E8} = {49FCA776-C63B-4C0C-B2B2-E9CA0E5949ED}
	EndGlobalSection
	GlobalSection(ExtensibilityGlobals) = postSolution
		SolutionGuid = {B5CEF6C8-2885-432D-9D8C-8EDBCEB7AA2C}
	EndGlobalSection
EndGlobal
